
Microsoft Visual Studio Solution File, Format Version 11.00
# Visual Studio 2010
Project("{FAE04EC0-301F-11D3-BF4B-00C04F79EFBC}") = "Host", "01.FirstSteps\01.StringContracts\Host\Host.csproj", "{87189B42-A6D8-4392-8438-F911B3E0A1FC}"
EndProject
Project("{2150E333-8FDC-42A3-9474-1A3956D46DE8}") = "01.Exports", "01.Exports", "{C6F1CD33-C4EC-4351-806B-A47FE9A6D985}"
EndProject
Project("{2150E333-8FDC-42A3-9474-1A3956D46DE8}") = "01.StringContracts", "01.StringContracts", "{65E5D722-F0B6-46F9-86CB-EC6E38B4235D}"
EndProject
Project("{2150E333-8FDC-42A3-9474-1A3956D46DE8}") = "02.TypeContracts", "02.TypeContracts", "{44C68B96-F827-4E3D-8DEE-3B20820BE447}"
EndProject
Project("{FAE04EC0-301F-11D3-BF4B-00C04F79EFBC}") = "Host", "01.FirstSteps\02.TypeContracts\Host\Host.csproj", "{64CFE134-0921-4BC1-9413-856DD62B9D75}"
EndProject
Project("{FAE04EC0-301F-11D3-BF4B-00C04F79EFBC}") = "FileSystem", "01.FirstSteps\02.TypeContracts\FileSystem\FileSystem.csproj", "{C56BD829-E2E4-46B4-A912-B7735EC52D66}"
EndProject
Project("{2150E333-8FDC-42A3-9474-1A3956D46DE8}") = "03.PropertyExports", "03.PropertyExports", "{3AA39E9A-E61C-460A-9972-DECB7DB5BF8A}"
EndProject
Project("{FAE04EC0-301F-11D3-BF4B-00C04F79EFBC}") = "Host", "01.FirstSteps\03.PropertyExports\Host\Host.csproj", "{6EEAE366-4BB0-4A3A-A6EB-8D2BD0E0A5AE}"
EndProject
Project("{2150E333-8FDC-42A3-9474-1A3956D46DE8}") = "02.Imports", "02.Imports", "{93076BEB-6DF5-4684-836F-F453EA5F3B8B}"
EndProject
Project("{2150E333-8FDC-42A3-9474-1A3956D46DE8}") = "01.Basic", "01.Basic", "{7102B304-AE65-46A6-BB9B-5330DA115088}"
EndProject
Project("{FAE04EC0-301F-11D3-BF4B-00C04F79EFBC}") = "Contracts", "02.Imports\01.Basic\Contracts\Contracts.csproj", "{F30C72A8-4B69-4100-9A41-81F968CC54BE}"
EndProject
Project("{FAE04EC0-301F-11D3-BF4B-00C04F79EFBC}") = "ConsoleHost", "02.Imports\01.Basic\ConsoleHost\ConsoleHost.csproj", "{3006F261-12EC-442E-9846-5D2E870B6323}"
EndProject
Project("{2150E333-8FDC-42A3-9474-1A3956D46DE8}") = "04.InheritedExports", "04.InheritedExports", "{660F6024-6513-4BCA-8BD0-A49BBCB88400}"
EndProject
Project("{FAE04EC0-301F-11D3-BF4B-00C04F79EFBC}") = "Host", "01.FirstSteps\04.InheritedExports\Host\Host.csproj", "{B8CFBB1C-2C2C-4FB1-92EC-7DC32ABC0545}"
EndProject
Project("{FAE04EC0-301F-11D3-BF4B-00C04F79EFBC}") = "Wargames", "02.Imports\01.Basic\Wargames\Wargames.csproj", "{F7F4F4C6-13B5-4EAE-9CD7-40A86B534A32}"
EndProject
Project("{FAE04EC0-301F-11D3-BF4B-00C04F79EFBC}") = "HAL", "02.Imports\01.Basic\HAL\HAL.csproj", "{63B3C5E6-90E4-45DB-ADEE-CC6C438BEE4E}"
EndProject
Project("{FAE04EC0-301F-11D3-BF4B-00C04F79EFBC}") = "WinFormsHost", "02.Imports\01.Basic\WinFormsHost\WinFormsHost.csproj", "{91BD48AB-88D3-4A18-9E56-C037BEF37F44}"
EndProject
Project("{2150E333-8FDC-42A3-9474-1A3956D46DE8}") = "02.OptionalImports", "02.OptionalImports", "{5813CC7B-9558-444C-9BEB-D19D49EAEB84}"
EndProject
Project("{FAE04EC0-301F-11D3-BF4B-00C04F79EFBC}") = "Host", "02.Imports\02.OptionalImports\Host\Host.csproj", "{96040A2F-F59A-4DB0-9C63-A22E7E62E18B}"
EndProject
Project("{FAE04EC0-301F-11D3-BF4B-00C04F79EFBC}") = "ConsoleBits", "02.Imports\02.OptionalImports\ConsoleBits\ConsoleBits.csproj", "{16FF4082-3A6F-48E9-90F8-5A6C22A96275}"
EndProject
Project("{2150E333-8FDC-42A3-9474-1A3956D46DE8}") = "03.ImportMany", "03.ImportMany", "{4FA4F32C-E9C5-421D-BBCC-FFEF6BD18C10}"
EndProject
Project("{FAE04EC0-301F-11D3-BF4B-00C04F79EFBC}") = "Host", "02.Imports\03.ImportMany\Host\Host.csproj", "{B3BD1A13-706D-4F0E-88A6-AC0891AD8DAC}"
EndProject
Project("{2150E333-8FDC-42A3-9474-1A3956D46DE8}") = "04.Lazy", "04.Lazy", "{A38D2C2F-9443-4EFC-A209-2998EB0E0E6B}"
EndProject
Project("{FAE04EC0-301F-11D3-BF4B-00C04F79EFBC}") = "Host", "02.Imports\04.Lazy\Host\Host.csproj", "{B66A3829-FB9A-4678-BA47-406AB9073F31}"
EndProject
Project("{2150E333-8FDC-42A3-9474-1A3956D46DE8}") = "03.Hosting", "03.Hosting", "{5BC4C813-287E-4863-8534-D4D08AC2DFFB}"
EndProject
Project("{2150E333-8FDC-42A3-9474-1A3956D46DE8}") = "01.Container", "01.Container", "{9EF96706-C291-4264-8B10-0B64381F768C}"
EndProject
Project("{FAE04EC0-301F-11D3-BF4B-00C04F79EFBC}") = "Host", "03.Hosting\01.Container\Host\Host.csproj", "{E23993D6-0B8E-4ECD-B607-70CC06AE1B69}"
EndProject
Project("{2150E333-8FDC-42A3-9474-1A3956D46DE8}") = "02.AssemblyCatalog", "02.AssemblyCatalog", "{1A07A225-D79B-4143-ADD6-F1D1C1BC339B}"
EndProject
Project("{FAE04EC0-301F-11D3-BF4B-00C04F79EFBC}") = "Host", "03.Hosting\02.AssemblyCatalog\Host\Host.csproj", "{E5D08AED-C578-4194-B115-6F2F4B1EC5AF}"
EndProject
Project("{2150E333-8FDC-42A3-9474-1A3956D46DE8}") = "03.OtherCatalogs", "03.OtherCatalogs", "{83BD811F-50FB-45B2-A919-3E6F60DC362F}"
EndProject
Project("{FAE04EC0-301F-11D3-BF4B-00C04F79EFBC}") = "Host", "03.Hosting\03.OtherCatalogs\Host\Host.csproj", "{1091436C-716F-41B9-8A58-0F9D6C702DB7}"
EndProject
Project("{FAE04EC0-301F-11D3-BF4B-00C04F79EFBC}") = "PluginPack", "03.Hosting\03.OtherCatalogs\PluginPack\PluginPack.csproj", "{D79A18DD-2E34-4B75-B2BA-2809D6FFB6C7}"
EndProject
Project("{2150E333-8FDC-42A3-9474-1A3956D46DE8}") = "04.CompositionBatches", "04.CompositionBatches", "{AAACB07A-DF19-44CF-A96C-61BEE961C4E9}"
EndProject
Project("{FAE04EC0-301F-11D3-BF4B-00C04F79EFBC}") = "Host", "03.Hosting\04.CompositionBatches\Host\Host.csproj", "{0CB7D120-44D7-442F-851F-25F35AAED227}"
EndProject
Project("{2150E333-8FDC-42A3-9474-1A3956D46DE8}") = "04.Metadata", "04.Metadata", "{A0F2658F-E68B-42BC-9BC4-98132BAF740B}"
EndProject
Project("{2150E333-8FDC-42A3-9474-1A3956D46DE8}") = "01.LooseTyped", "01.LooseTyped", "{3767D32B-43F7-49FC-8AF8-206252A02D45}"
EndProject
Project("{FAE04EC0-301F-11D3-BF4B-00C04F79EFBC}") = "Host", "04.Metadata\01.LooseTyped\Host\Host.csproj", "{418D294D-054B-43B8-ABD5-7C72889349D4}"
EndProject
Project("{2150E333-8FDC-42A3-9474-1A3956D46DE8}") = "02.StrongTyped", "02.StrongTyped", "{E3297AC2-9F99-4B87-AD76-FF42B25EDCF9}"
EndProject
Project("{FAE04EC0-301F-11D3-BF4B-00C04F79EFBC}") = "Host", "04.Metadata\02.StrongTyped\Host\Host.csproj", "{232017F5-01F6-4F8D-BC78-3AC2DA0BD6E1}"
EndProject
Project("{2150E333-8FDC-42A3-9474-1A3956D46DE8}") = "03.CustomAttributes", "03.CustomAttributes", "{60AA81D5-D2F3-478F-A77B-408DAC32F96C}"
EndProject
Project("{FAE04EC0-301F-11D3-BF4B-00C04F79EFBC}") = "Host", "04.Metadata\03.CustomAttributes\Host\Host.csproj", "{F2CC427E-A9A6-46D6-8E55-476ABA80F43A}"
EndProject
Project("{2150E333-8FDC-42A3-9474-1A3956D46DE8}") = "05.Advanced", "05.Advanced", "{FA4E94C5-5885-494D-ACBB-156A141E101B}"
EndProject
Project("{2150E333-8FDC-42A3-9474-1A3956D46DE8}") = "01.PartLifecycles", "01.PartLifecycles", "{93795AB9-8E72-4461-833C-2FBF36F1BEFC}"
EndProject
Project("{2150E333-8FDC-42A3-9474-1A3956D46DE8}") = "02.Recomposition", "02.Recomposition", "{68ADBE8F-2351-4694-8129-A6F490CB545C}"
EndProject
Project("{FAE04EC0-301F-11D3-BF4B-00C04F79EFBC}") = "Host", "05.Advanced\01.PartLifecycles\Host\Host.csproj", "{A3AD9067-3AAC-4685-AB49-136F7E6B3897}"
EndProject
Project("{2150E333-8FDC-42A3-9474-1A3956D46DE8}") = "03.PearShaped", "03.PearShaped", "{1DB611ED-C1FA-40CC-BD48-62CD6774B181}"
EndProject
Project("{FAE04EC0-301F-11D3-BF4B-00C04F79EFBC}") = "Host", "05.Advanced\02.Recomposition\Host\Host.csproj", "{695D028C-1BFC-4401-B71A-C6E4BC24B5A2}"
EndProject
Project("{FAE04EC0-301F-11D3-BF4B-00C04F79EFBC}") = "PackageA", "05.Advanced\03.PearShaped\PackageA\PackageA.csproj", "{4F59844D-BBDB-4AD9-9D08-7C290F7891D7}"
EndProject
Project("{FAE04EC0-301F-11D3-BF4B-00C04F79EFBC}") = "Plugins", "01.FirstSteps\01.StringContracts\Plugins\Plugins.csproj", "{48E87F6E-6FDB-49D9-832D-71D5FB645BE1}"
EndProject
Global
	GlobalSection(SolutionConfigurationPlatforms) = preSolution
		Debug|Any CPU = Debug|Any CPU
		Debug|Mixed Platforms = Debug|Mixed Platforms
		Debug|x86 = Debug|x86
		Release|Any CPU = Release|Any CPU
		Release|Mixed Platforms = Release|Mixed Platforms
		Release|x86 = Release|x86
	EndGlobalSection
	GlobalSection(ProjectConfigurationPlatforms) = postSolution
		{87189B42-A6D8-4392-8438-F911B3E0A1FC}.Debug|Any CPU.ActiveCfg = Debug|x86
		{87189B42-A6D8-4392-8438-F911B3E0A1FC}.Debug|Mixed Platforms.ActiveCfg = Debug|x86
		{87189B42-A6D8-4392-8438-F911B3E0A1FC}.Debug|Mixed Platforms.Build.0 = Debug|x86
		{87189B42-A6D8-4392-8438-F911B3E0A1FC}.Debug|x86.ActiveCfg = Debug|x86
		{87189B42-A6D8-4392-8438-F911B3E0A1FC}.Debug|x86.Build.0 = Debug|x86
		{87189B42-A6D8-4392-8438-F911B3E0A1FC}.Release|Any CPU.ActiveCfg = Release|x86
		{87189B42-A6D8-4392-8438-F911B3E0A1FC}.Release|Mixed Platforms.ActiveCfg = Release|x86
		{87189B42-A6D8-4392-8438-F911B3E0A1FC}.Release|Mixed Platforms.Build.0 = Release|x86
		{87189B42-A6D8-4392-8438-F911B3E0A1FC}.Release|x86.ActiveCfg = Release|x86
		{87189B42-A6D8-4392-8438-F911B3E0A1FC}.Release|x86.Build.0 = Release|x86
		{64CFE134-0921-4BC1-9413-856DD62B9D75}.Debug|Any CPU.ActiveCfg = Debug|x86
		{64CFE134-0921-4BC1-9413-856DD62B9D75}.Debug|Mixed Platforms.ActiveCfg = Debug|x86
		{64CFE134-0921-4BC1-9413-856DD62B9D75}.Debug|Mixed Platforms.Build.0 = Debug|x86
		{64CFE134-0921-4BC1-9413-856DD62B9D75}.Debug|x86.ActiveCfg = Debug|x86
		{64CFE134-0921-4BC1-9413-856DD62B9D75}.Debug|x86.Build.0 = Debug|x86
		{64CFE134-0921-4BC1-9413-856DD62B9D75}.Release|Any CPU.ActiveCfg = Release|x86
		{64CFE134-0921-4BC1-9413-856DD62B9D75}.Release|Mixed Platforms.ActiveCfg = Release|x86
		{64CFE134-0921-4BC1-9413-856DD62B9D75}.Release|Mixed Platforms.Build.0 = Release|x86
		{64CFE134-0921-4BC1-9413-856DD62B9D75}.Release|x86.ActiveCfg = Release|x86
		{64CFE134-0921-4BC1-9413-856DD62B9D75}.Release|x86.Build.0 = Release|x86
		{C56BD829-E2E4-46B4-A912-B7735EC52D66}.Debug|Any CPU.ActiveCfg = Debug|Any CPU
		{C56BD829-E2E4-46B4-A912-B7735EC52D66}.Debug|Any CPU.Build.0 = Debug|Any CPU
		{C56BD829-E2E4-46B4-A912-B7735EC52D66}.Debug|Mixed Platforms.ActiveCfg = Debug|Any CPU
		{C56BD829-E2E4-46B4-A912-B7735EC52D66}.Debug|Mixed Platforms.Build.0 = Debug|Any CPU
		{C56BD829-E2E4-46B4-A912-B7735EC52D66}.Debug|x86.ActiveCfg = Debug|Any CPU
		{C56BD829-E2E4-46B4-A912-B7735EC52D66}.Release|Any CPU.ActiveCfg = Release|Any CPU
		{C56BD829-E2E4-46B4-A912-B7735EC52D66}.Release|Any CPU.Build.0 = Release|Any CPU
		{C56BD829-E2E4-46B4-A912-B7735EC52D66}.Release|Mixed Platforms.ActiveCfg = Release|Any CPU
		{C56BD829-E2E4-46B4-A912-B7735EC52D66}.Release|Mixed Platforms.Build.0 = Release|Any CPU
		{C56BD829-E2E4-46B4-A912-B7735EC52D66}.Release|x86.ActiveCfg = Release|Any CPU
		{6EEAE366-4BB0-4A3A-A6EB-8D2BD0E0A5AE}.Debug|Any CPU.ActiveCfg = Debug|x86
		{6EEAE366-4BB0-4A3A-A6EB-8D2BD0E0A5AE}.Debug|Mixed Platforms.ActiveCfg = Debug|x86
		{6EEAE366-4BB0-4A3A-A6EB-8D2BD0E0A5AE}.Debug|Mixed Platforms.Build.0 = Debug|x86
		{6EEAE366-4BB0-4A3A-A6EB-8D2BD0E0A5AE}.Debug|x86.ActiveCfg = Debug|x86
		{6EEAE366-4BB0-4A3A-A6EB-8D2BD0E0A5AE}.Debug|x86.Build.0 = Debug|x86
		{6EEAE366-4BB0-4A3A-A6EB-8D2BD0E0A5AE}.Release|Any CPU.ActiveCfg = Release|x86
		{6EEAE366-4BB0-4A3A-A6EB-8D2BD0E0A5AE}.Release|Mixed Platforms.ActiveCfg = Release|x86
		{6EEAE366-4BB0-4A3A-A6EB-8D2BD0E0A5AE}.Release|Mixed Platforms.Build.0 = Release|x86
		{6EEAE366-4BB0-4A3A-A6EB-8D2BD0E0A5AE}.Release|x86.ActiveCfg = Release|x86
		{6EEAE366-4BB0-4A3A-A6EB-8D2BD0E0A5AE}.Release|x86.Build.0 = Release|x86
		{F30C72A8-4B69-4100-9A41-81F968CC54BE}.Debug|Any CPU.ActiveCfg = Debug|Any CPU
		{F30C72A8-4B69-4100-9A41-81F968CC54BE}.Debug|Any CPU.Build.0 = Debug|Any CPU
		{F30C72A8-4B69-4100-9A41-81F968CC54BE}.Debug|Mixed Platforms.ActiveCfg = Debug|Any CPU
		{F30C72A8-4B69-4100-9A41-81F968CC54BE}.Debug|Mixed Platforms.Build.0 = Debug|Any CPU
		{F30C72A8-4B69-4100-9A41-81F968CC54BE}.Debug|x86.ActiveCfg = Debug|Any CPU
		{F30C72A8-4B69-4100-9A41-81F968CC54BE}.Release|Any CPU.ActiveCfg = Release|Any CPU
		{F30C72A8-4B69-4100-9A41-81F968CC54BE}.Release|Any CPU.Build.0 = Release|Any CPU
		{F30C72A8-4B69-4100-9A41-81F968CC54BE}.Release|Mixed Platforms.ActiveCfg = Release|Any CPU
		{F30C72A8-4B69-4100-9A41-81F968CC54BE}.Release|Mixed Platforms.Build.0 = Release|Any CPU
		{F30C72A8-4B69-4100-9A41-81F968CC54BE}.Release|x86.ActiveCfg = Release|Any CPU
		{3006F261-12EC-442E-9846-5D2E870B6323}.Debug|Any CPU.ActiveCfg = Debug|x86
		{3006F261-12EC-442E-9846-5D2E870B6323}.Debug|Mixed Platforms.ActiveCfg = Debug|x86
		{3006F261-12EC-442E-9846-5D2E870B6323}.Debug|Mixed Platforms.Build.0 = Debug|x86
		{3006F261-12EC-442E-9846-5D2E870B6323}.Debug|x86.ActiveCfg = Debug|x86
		{3006F261-12EC-442E-9846-5D2E870B6323}.Debug|x86.Build.0 = Debug|x86
		{3006F261-12EC-442E-9846-5D2E870B6323}.Release|Any CPU.ActiveCfg = Release|x86
		{3006F261-12EC-442E-9846-5D2E870B6323}.Release|Mixed Platforms.ActiveCfg = Release|x86
		{3006F261-12EC-442E-9846-5D2E870B6323}.Release|Mixed Platforms.Build.0 = Release|x86
		{3006F261-12EC-442E-9846-5D2E870B6323}.Release|x86.ActiveCfg = Release|x86
		{3006F261-12EC-442E-9846-5D2E870B6323}.Release|x86.Build.0 = Release|x86
		{B8CFBB1C-2C2C-4FB1-92EC-7DC32ABC0545}.Debug|Any CPU.ActiveCfg = Debug|x86
		{B8CFBB1C-2C2C-4FB1-92EC-7DC32ABC0545}.Debug|Mixed Platforms.ActiveCfg = Debug|x86
		{B8CFBB1C-2C2C-4FB1-92EC-7DC32ABC0545}.Debug|Mixed Platforms.Build.0 = Debug|x86
		{B8CFBB1C-2C2C-4FB1-92EC-7DC32ABC0545}.Debug|x86.ActiveCfg = Debug|x86
		{B8CFBB1C-2C2C-4FB1-92EC-7DC32ABC0545}.Debug|x86.Build.0 = Debug|x86
		{B8CFBB1C-2C2C-4FB1-92EC-7DC32ABC0545}.Release|Any CPU.ActiveCfg = Release|x86
		{B8CFBB1C-2C2C-4FB1-92EC-7DC32ABC0545}.Release|Mixed Platforms.ActiveCfg = Release|x86
		{B8CFBB1C-2C2C-4FB1-92EC-7DC32ABC0545}.Release|Mixed Platforms.Build.0 = Release|x86
		{B8CFBB1C-2C2C-4FB1-92EC-7DC32ABC0545}.Release|x86.ActiveCfg = Release|x86
		{B8CFBB1C-2C2C-4FB1-92EC-7DC32ABC0545}.Release|x86.Build.0 = Release|x86
		{F7F4F4C6-13B5-4EAE-9CD7-40A86B534A32}.Debug|Any CPU.ActiveCfg = Debug|Any CPU
		{F7F4F4C6-13B5-4EAE-9CD7-40A86B534A32}.Debug|Any CPU.Build.0 = Debug|Any CPU
		{F7F4F4C6-13B5-4EAE-9CD7-40A86B534A32}.Debug|Mixed Platforms.ActiveCfg = Debug|Any CPU
		{F7F4F4C6-13B5-4EAE-9CD7-40A86B534A32}.Debug|Mixed Platforms.Build.0 = Debug|Any CPU
		{F7F4F4C6-13B5-4EAE-9CD7-40A86B534A32}.Debug|x86.ActiveCfg = Debug|Any CPU
		{F7F4F4C6-13B5-4EAE-9CD7-40A86B534A32}.Release|Any CPU.ActiveCfg = Release|Any CPU
		{F7F4F4C6-13B5-4EAE-9CD7-40A86B534A32}.Release|Any CPU.Build.0 = Release|Any CPU
		{F7F4F4C6-13B5-4EAE-9CD7-40A86B534A32}.Release|Mixed Platforms.ActiveCfg = Release|Any CPU
		{F7F4F4C6-13B5-4EAE-9CD7-40A86B534A32}.Release|Mixed Platforms.Build.0 = Release|Any CPU
		{F7F4F4C6-13B5-4EAE-9CD7-40A86B534A32}.Release|x86.ActiveCfg = Release|Any CPU
		{63B3C5E6-90E4-45DB-ADEE-CC6C438BEE4E}.Debug|Any CPU.ActiveCfg = Debug|Any CPU
		{63B3C5E6-90E4-45DB-ADEE-CC6C438BEE4E}.Debug|Any CPU.Build.0 = Debug|Any CPU
		{63B3C5E6-90E4-45DB-ADEE-CC6C438BEE4E}.Debug|Mixed Platforms.ActiveCfg = Debug|Any CPU
		{63B3C5E6-90E4-45DB-ADEE-CC6C438BEE4E}.Debug|Mixed Platforms.Build.0 = Debug|Any CPU
		{63B3C5E6-90E4-45DB-ADEE-CC6C438BEE4E}.Debug|x86.ActiveCfg = Debug|Any CPU
		{63B3C5E6-90E4-45DB-ADEE-CC6C438BEE4E}.Release|Any CPU.ActiveCfg = Release|Any CPU
		{63B3C5E6-90E4-45DB-ADEE-CC6C438BEE4E}.Release|Any CPU.Build.0 = Release|Any CPU
		{63B3C5E6-90E4-45DB-ADEE-CC6C438BEE4E}.Release|Mixed Platforms.ActiveCfg = Release|Any CPU
		{63B3C5E6-90E4-45DB-ADEE-CC6C438BEE4E}.Release|Mixed Platforms.Build.0 = Release|Any CPU
		{63B3C5E6-90E4-45DB-ADEE-CC6C438BEE4E}.Release|x86.ActiveCfg = Release|Any CPU
		{91BD48AB-88D3-4A18-9E56-C037BEF37F44}.Debug|Any CPU.ActiveCfg = Debug|x86
		{91BD48AB-88D3-4A18-9E56-C037BEF37F44}.Debug|Mixed Platforms.ActiveCfg = Debug|x86
		{91BD48AB-88D3-4A18-9E56-C037BEF37F44}.Debug|Mixed Platforms.Build.0 = Debug|x86
		{91BD48AB-88D3-4A18-9E56-C037BEF37F44}.Debug|x86.ActiveCfg = Debug|x86
		{91BD48AB-88D3-4A18-9E56-C037BEF37F44}.Debug|x86.Build.0 = Debug|x86
		{91BD48AB-88D3-4A18-9E56-C037BEF37F44}.Release|Any CPU.ActiveCfg = Release|x86
		{91BD48AB-88D3-4A18-9E56-C037BEF37F44}.Release|Mixed Platforms.ActiveCfg = Release|x86
		{91BD48AB-88D3-4A18-9E56-C037BEF37F44}.Release|Mixed Platforms.Build.0 = Release|x86
		{91BD48AB-88D3-4A18-9E56-C037BEF37F44}.Release|x86.ActiveCfg = Release|x86
		{91BD48AB-88D3-4A18-9E56-C037BEF37F44}.Release|x86.Build.0 = Release|x86
		{96040A2F-F59A-4DB0-9C63-A22E7E62E18B}.Debug|Any CPU.ActiveCfg = Debug|x86
		{96040A2F-F59A-4DB0-9C63-A22E7E62E18B}.Debug|Mixed Platforms.ActiveCfg = Debug|x86
		{96040A2F-F59A-4DB0-9C63-A22E7E62E18B}.Debug|Mixed Platforms.Build.0 = Debug|x86
		{96040A2F-F59A-4DB0-9C63-A22E7E62E18B}.Debug|x86.ActiveCfg = Debug|x86
		{96040A2F-F59A-4DB0-9C63-A22E7E62E18B}.Debug|x86.Build.0 = Debug|x86
		{96040A2F-F59A-4DB0-9C63-A22E7E62E18B}.Release|Any CPU.ActiveCfg = Release|x86
		{96040A2F-F59A-4DB0-9C63-A22E7E62E18B}.Release|Mixed Platforms.ActiveCfg = Release|x86
		{96040A2F-F59A-4DB0-9C63-A22E7E62E18B}.Release|Mixed Platforms.Build.0 = Release|x86
		{96040A2F-F59A-4DB0-9C63-A22E7E62E18B}.Release|x86.ActiveCfg = Release|x86
		{96040A2F-F59A-4DB0-9C63-A22E7E62E18B}.Release|x86.Build.0 = Release|x86
		{16FF4082-3A6F-48E9-90F8-5A6C22A96275}.Debug|Any CPU.ActiveCfg = Debug|Any CPU
		{16FF4082-3A6F-48E9-90F8-5A6C22A96275}.Debug|Any CPU.Build.0 = Debug|Any CPU
		{16FF4082-3A6F-48E9-90F8-5A6C22A96275}.Debug|Mixed Platforms.ActiveCfg = Debug|Any CPU
		{16FF4082-3A6F-48E9-90F8-5A6C22A96275}.Debug|Mixed Platforms.Build.0 = Debug|Any CPU
		{16FF4082-3A6F-48E9-90F8-5A6C22A96275}.Debug|x86.ActiveCfg = Debug|Any CPU
		{16FF4082-3A6F-48E9-90F8-5A6C22A96275}.Release|Any CPU.ActiveCfg = Release|Any CPU
		{16FF4082-3A6F-48E9-90F8-5A6C22A96275}.Release|Any CPU.Build.0 = Release|Any CPU
		{16FF4082-3A6F-48E9-90F8-5A6C22A96275}.Release|Mixed Platforms.ActiveCfg = Release|Any CPU
		{16FF4082-3A6F-48E9-90F8-5A6C22A96275}.Release|Mixed Platforms.Build.0 = Release|Any CPU
		{16FF4082-3A6F-48E9-90F8-5A6C22A96275}.Release|x86.ActiveCfg = Release|Any CPU
		{B3BD1A13-706D-4F0E-88A6-AC0891AD8DAC}.Debug|Any CPU.ActiveCfg = Debug|x86
		{B3BD1A13-706D-4F0E-88A6-AC0891AD8DAC}.Debug|Mixed Platforms.ActiveCfg = Debug|x86
		{B3BD1A13-706D-4F0E-88A6-AC0891AD8DAC}.Debug|Mixed Platforms.Build.0 = Debug|x86
		{B3BD1A13-706D-4F0E-88A6-AC0891AD8DAC}.Debug|x86.ActiveCfg = Debug|x86
		{B3BD1A13-706D-4F0E-88A6-AC0891AD8DAC}.Debug|x86.Build.0 = Debug|x86
		{B3BD1A13-706D-4F0E-88A6-AC0891AD8DAC}.Release|Any CPU.ActiveCfg = Release|x86
		{B3BD1A13-706D-4F0E-88A6-AC0891AD8DAC}.Release|Mixed Platforms.ActiveCfg = Release|x86
		{B3BD1A13-706D-4F0E-88A6-AC0891AD8DAC}.Release|Mixed Platforms.Build.0 = Release|x86
		{B3BD1A13-706D-4F0E-88A6-AC0891AD8DAC}.Release|x86.ActiveCfg = Release|x86
		{B3BD1A13-706D-4F0E-88A6-AC0891AD8DAC}.Release|x86.Build.0 = Release|x86
		{B66A3829-FB9A-4678-BA47-406AB9073F31}.Debug|Any CPU.ActiveCfg = Debug|x86
		{B66A3829-FB9A-4678-BA47-406AB9073F31}.Debug|Mixed Platforms.ActiveCfg = Debug|x86
		{B66A3829-FB9A-4678-BA47-406AB9073F31}.Debug|Mixed Platforms.Build.0 = Debug|x86
		{B66A3829-FB9A-4678-BA47-406AB9073F31}.Debug|x86.ActiveCfg = Debug|x86
		{B66A3829-FB9A-4678-BA47-406AB9073F31}.Debug|x86.Build.0 = Debug|x86
		{B66A3829-FB9A-4678-BA47-406AB9073F31}.Release|Any CPU.ActiveCfg = Release|x86
		{B66A3829-FB9A-4678-BA47-406AB9073F31}.Release|Mixed Platforms.ActiveCfg = Release|x86
		{B66A3829-FB9A-4678-BA47-406AB9073F31}.Release|Mixed Platforms.Build.0 = Release|x86
		{B66A3829-FB9A-4678-BA47-406AB9073F31}.Release|x86.ActiveCfg = Release|x86
		{B66A3829-FB9A-4678-BA47-406AB9073F31}.Release|x86.Build.0 = Release|x86
		{E23993D6-0B8E-4ECD-B607-70CC06AE1B69}.Debug|Any CPU.ActiveCfg = Debug|x86
		{E23993D6-0B8E-4ECD-B607-70CC06AE1B69}.Debug|Mixed Platforms.ActiveCfg = Debug|x86
		{E23993D6-0B8E-4ECD-B607-70CC06AE1B69}.Debug|Mixed Platforms.Build.0 = Debug|x86
		{E23993D6-0B8E-4ECD-B607-70CC06AE1B69}.Debug|x86.ActiveCfg = Debug|x86
		{E23993D6-0B8E-4ECD-B607-70CC06AE1B69}.Debug|x86.Build.0 = Debug|x86
		{E23993D6-0B8E-4ECD-B607-70CC06AE1B69}.Release|Any CPU.ActiveCfg = Release|x86
		{E23993D6-0B8E-4ECD-B607-70CC06AE1B69}.Release|Mixed Platforms.ActiveCfg = Release|x86
		{E23993D6-0B8E-4ECD-B607-70CC06AE1B69}.Release|Mixed Platforms.Build.0 = Release|x86
		{E23993D6-0B8E-4ECD-B607-70CC06AE1B69}.Release|x86.ActiveCfg = Release|x86
		{E23993D6-0B8E-4ECD-B607-70CC06AE1B69}.Release|x86.Build.0 = Release|x86
		{E5D08AED-C578-4194-B115-6F2F4B1EC5AF}.Debug|Any CPU.ActiveCfg = Debug|x86
		{E5D08AED-C578-4194-B115-6F2F4B1EC5AF}.Debug|Mixed Platforms.ActiveCfg = Debug|x86
		{E5D08AED-C578-4194-B115-6F2F4B1EC5AF}.Debug|Mixed Platforms.Build.0 = Debug|x86
		{E5D08AED-C578-4194-B115-6F2F4B1EC5AF}.Debug|x86.ActiveCfg = Debug|x86
		{E5D08AED-C578-4194-B115-6F2F4B1EC5AF}.Debug|x86.Build.0 = Debug|x86
		{E5D08AED-C578-4194-B115-6F2F4B1EC5AF}.Release|Any CPU.ActiveCfg = Release|x86
		{E5D08AED-C578-4194-B115-6F2F4B1EC5AF}.Release|Mixed Platforms.ActiveCfg = Release|x86
		{E5D08AED-C578-4194-B115-6F2F4B1EC5AF}.Release|Mixed Platforms.Build.0 = Release|x86
		{E5D08AED-C578-4194-B115-6F2F4B1EC5AF}.Release|x86.ActiveCfg = Release|x86
		{E5D08AED-C578-4194-B115-6F2F4B1EC5AF}.Release|x86.Build.0 = Release|x86
		{1091436C-716F-41B9-8A58-0F9D6C702DB7}.Debug|Any CPU.ActiveCfg = Debug|x86
		{1091436C-716F-41B9-8A58-0F9D6C702DB7}.Debug|Mixed Platforms.ActiveCfg = Debug|x86
		{1091436C-716F-41B9-8A58-0F9D6C702DB7}.Debug|Mixed Platforms.Build.0 = Debug|x86
		{1091436C-716F-41B9-8A58-0F9D6C702DB7}.Debug|x86.ActiveCfg = Debug|x86
		{1091436C-716F-41B9-8A58-0F9D6C702DB7}.Debug|x86.Build.0 = Debug|x86
		{1091436C-716F-41B9-8A58-0F9D6C702DB7}.Release|Any CPU.ActiveCfg = Release|x86
		{1091436C-716F-41B9-8A58-0F9D6C702DB7}.Release|Mixed Platforms.ActiveCfg = Release|x86
		{1091436C-716F-41B9-8A58-0F9D6C702DB7}.Release|Mixed Platforms.Build.0 = Release|x86
		{1091436C-716F-41B9-8A58-0F9D6C702DB7}.Release|x86.ActiveCfg = Release|x86
		{1091436C-716F-41B9-8A58-0F9D6C702DB7}.Release|x86.Build.0 = Release|x86
		{D79A18DD-2E34-4B75-B2BA-2809D6FFB6C7}.Debug|Any CPU.ActiveCfg = Debug|Any CPU
		{D79A18DD-2E34-4B75-B2BA-2809D6FFB6C7}.Debug|Any CPU.Build.0 = Debug|Any CPU
		{D79A18DD-2E34-4B75-B2BA-2809D6FFB6C7}.Debug|Mixed Platforms.ActiveCfg = Debug|Any CPU
		{D79A18DD-2E34-4B75-B2BA-2809D6FFB6C7}.Debug|Mixed Platforms.Build.0 = Debug|Any CPU
		{D79A18DD-2E34-4B75-B2BA-2809D6FFB6C7}.Debug|x86.ActiveCfg = Debug|Any CPU
		{D79A18DD-2E34-4B75-B2BA-2809D6FFB6C7}.Release|Any CPU.ActiveCfg = Release|Any CPU
		{D79A18DD-2E34-4B75-B2BA-2809D6FFB6C7}.Release|Any CPU.Build.0 = Release|Any CPU
		{D79A18DD-2E34-4B75-B2BA-2809D6FFB6C7}.Release|Mixed Platforms.ActiveCfg = Release|Any CPU
		{D79A18DD-2E34-4B75-B2BA-2809D6FFB6C7}.Release|Mixed Platforms.Build.0 = Release|Any CPU
		{D79A18DD-2E34-4B75-B2BA-2809D6FFB6C7}.Release|x86.ActiveCfg = Release|Any CPU
		{0CB7D120-44D7-442F-851F-25F35AAED227}.Debug|Any CPU.ActiveCfg = Debug|x86
		{0CB7D120-44D7-442F-851F-25F35AAED227}.Debug|Mixed Platforms.ActiveCfg = Debug|x86
		{0CB7D120-44D7-442F-851F-25F35AAED227}.Debug|Mixed Platforms.Build.0 = Debug|x86
		{0CB7D120-44D7-442F-851F-25F35AAED227}.Debug|x86.ActiveCfg = Debug|x86
		{0CB7D120-44D7-442F-851F-25F35AAED227}.Debug|x86.Build.0 = Debug|x86
		{0CB7D120-44D7-442F-851F-25F35AAED227}.Release|Any CPU.ActiveCfg = Release|x86
		{0CB7D120-44D7-442F-851F-25F35AAED227}.Release|Mixed Platforms.ActiveCfg = Release|x86
		{0CB7D120-44D7-442F-851F-25F35AAED227}.Release|Mixed Platforms.Build.0 = Release|x86
		{0CB7D120-44D7-442F-851F-25F35AAED227}.Release|x86.ActiveCfg = Release|x86
		{0CB7D120-44D7-442F-851F-25F35AAED227}.Release|x86.Build.0 = Release|x86
		{418D294D-054B-43B8-ABD5-7C72889349D4}.Debug|Any CPU.ActiveCfg = Debug|x86
		{418D294D-054B-43B8-ABD5-7C72889349D4}.Debug|Mixed Platforms.ActiveCfg = Debug|x86
		{418D294D-054B-43B8-ABD5-7C72889349D4}.Debug|Mixed Platforms.Build.0 = Debug|x86
		{418D294D-054B-43B8-ABD5-7C72889349D4}.Debug|x86.ActiveCfg = Debug|x86
		{418D294D-054B-43B8-ABD5-7C72889349D4}.Debug|x86.Build.0 = Debug|x86
		{418D294D-054B-43B8-ABD5-7C72889349D4}.Release|Any CPU.ActiveCfg = Release|x86
		{418D294D-054B-43B8-ABD5-7C72889349D4}.Release|Mixed Platforms.ActiveCfg = Release|x86
		{418D294D-054B-43B8-ABD5-7C72889349D4}.Release|Mixed Platforms.Build.0 = Release|x86
		{418D294D-054B-43B8-ABD5-7C72889349D4}.Release|x86.ActiveCfg = Release|x86
		{418D294D-054B-43B8-ABD5-7C72889349D4}.Release|x86.Build.0 = Release|x86
		{232017F5-01F6-4F8D-BC78-3AC2DA0BD6E1}.Debug|Any CPU.ActiveCfg = Debug|x86
		{232017F5-01F6-4F8D-BC78-3AC2DA0BD6E1}.Debug|Mixed Platforms.ActiveCfg = Debug|x86
		{232017F5-01F6-4F8D-BC78-3AC2DA0BD6E1}.Debug|Mixed Platforms.Build.0 = Debug|x86
		{232017F5-01F6-4F8D-BC78-3AC2DA0BD6E1}.Debug|x86.ActiveCfg = Debug|x86
		{232017F5-01F6-4F8D-BC78-3AC2DA0BD6E1}.Debug|x86.Build.0 = Debug|x86
		{232017F5-01F6-4F8D-BC78-3AC2DA0BD6E1}.Release|Any CPU.ActiveCfg = Release|x86
		{232017F5-01F6-4F8D-BC78-3AC2DA0BD6E1}.Release|Mixed Platforms.ActiveCfg = Release|x86
		{232017F5-01F6-4F8D-BC78-3AC2DA0BD6E1}.Release|Mixed Platforms.Build.0 = Release|x86
		{232017F5-01F6-4F8D-BC78-3AC2DA0BD6E1}.Release|x86.ActiveCfg = Release|x86
		{232017F5-01F6-4F8D-BC78-3AC2DA0BD6E1}.Release|x86.Build.0 = Release|x86
		{F2CC427E-A9A6-46D6-8E55-476ABA80F43A}.Debug|Any CPU.ActiveCfg = Debug|x86
		{F2CC427E-A9A6-46D6-8E55-476ABA80F43A}.Debug|Mixed Platforms.ActiveCfg = Debug|x86
		{F2CC427E-A9A6-46D6-8E55-476ABA80F43A}.Debug|Mixed Platforms.Build.0 = Debug|x86
		{F2CC427E-A9A6-46D6-8E55-476ABA80F43A}.Debug|x86.ActiveCfg = Debug|x86
		{F2CC427E-A9A6-46D6-8E55-476ABA80F43A}.Debug|x86.Build.0 = Debug|x86
		{F2CC427E-A9A6-46D6-8E55-476ABA80F43A}.Release|Any CPU.ActiveCfg = Release|x86
		{F2CC427E-A9A6-46D6-8E55-476ABA80F43A}.Release|Mixed Platforms.ActiveCfg = Release|x86
		{F2CC427E-A9A6-46D6-8E55-476ABA80F43A}.Release|Mixed Platforms.Build.0 = Release|x86
		{F2CC427E-A9A6-46D6-8E55-476ABA80F43A}.Release|x86.ActiveCfg = Release|x86
		{F2CC427E-A9A6-46D6-8E55-476ABA80F43A}.Release|x86.Build.0 = Release|x86
		{A3AD9067-3AAC-4685-AB49-136F7E6B3897}.Debug|Any CPU.ActiveCfg = Debug|x86
		{A3AD9067-3AAC-4685-AB49-136F7E6B3897}.Debug|Mixed Platforms.ActiveCfg = Debug|x86
		{A3AD9067-3AAC-4685-AB49-136F7E6B3897}.Debug|Mixed Platforms.Build.0 = Debug|x86
		{A3AD9067-3AAC-4685-AB49-136F7E6B3897}.Debug|x86.ActiveCfg = Debug|x86
		{A3AD9067-3AAC-4685-AB49-136F7E6B3897}.Debug|x86.Build.0 = Debug|x86
		{A3AD9067-3AAC-4685-AB49-136F7E6B3897}.Release|Any CPU.ActiveCfg = Release|x86
		{A3AD9067-3AAC-4685-AB49-136F7E6B3897}.Release|Mixed Platforms.ActiveCfg = Release|x86
		{A3AD9067-3AAC-4685-AB49-136F7E6B3897}.Release|Mixed Platforms.Build.0 = Release|x86
		{A3AD9067-3AAC-4685-AB49-136F7E6B3897}.Release|x86.ActiveCfg = Release|x86
		{A3AD9067-3AAC-4685-AB49-136F7E6B3897}.Release|x86.Build.0 = Release|x86
		{695D028C-1BFC-4401-B71A-C6E4BC24B5A2}.Debug|Any CPU.ActiveCfg = Debug|x86
		{695D028C-1BFC-4401-B71A-C6E4BC24B5A2}.Debug|Mixed Platforms.ActiveCfg = Debug|x86
		{695D028C-1BFC-4401-B71A-C6E4BC24B5A2}.Debug|Mixed Platforms.Build.0 = Debug|x86
		{695D028C-1BFC-4401-B71A-C6E4BC24B5A2}.Debug|x86.ActiveCfg = Debug|x86
		{695D028C-1BFC-4401-B71A-C6E4BC24B5A2}.Debug|x86.Build.0 = Debug|x86
		{695D028C-1BFC-4401-B71A-C6E4BC24B5A2}.Release|Any CPU.ActiveCfg = Release|x86
		{695D028C-1BFC-4401-B71A-C6E4BC24B5A2}.Release|Mixed Platforms.ActiveCfg = Release|x86
		{695D028C-1BFC-4401-B71A-C6E4BC24B5A2}.Release|Mixed Platforms.Build.0 = Release|x86
		{695D028C-1BFC-4401-B71A-C6E4BC24B5A2}.Release|x86.ActiveCfg = Release|x86
		{695D028C-1BFC-4401-B71A-C6E4BC24B5A2}.Release|x86.Build.0 = Release|x86
		{4F59844D-BBDB-4AD9-9D08-7C290F7891D7}.Debug|Any CPU.ActiveCfg = Debug|Any CPU
		{4F59844D-BBDB-4AD9-9D08-7C290F7891D7}.Debug|Any CPU.Build.0 = Debug|Any CPU
		{4F59844D-BBDB-4AD9-9D08-7C290F7891D7}.Debug|Mixed Platforms.ActiveCfg = Debug|Any CPU
		{4F59844D-BBDB-4AD9-9D08-7C290F7891D7}.Debug|Mixed Platforms.Build.0 = Debug|Any CPU
		{4F59844D-BBDB-4AD9-9D08-7C290F7891D7}.Debug|x86.ActiveCfg = Debug|Any CPU
		{4F59844D-BBDB-4AD9-9D08-7C290F7891D7}.Release|Any CPU.ActiveCfg = Release|Any CPU
		{4F59844D-BBDB-4AD9-9D08-7C290F7891D7}.Release|Any CPU.Build.0 = Release|Any CPU
		{4F59844D-BBDB-4AD9-9D08-7C290F7891D7}.Release|Mixed Platforms.ActiveCfg = Release|Any CPU
		{4F59844D-BBDB-4AD9-9D08-7C290F7891D7}.Release|Mixed Platforms.Build.0 = Release|Any CPU
		{4F59844D-BBDB-4AD9-9D08-7C290F7891D7}.Release|x86.ActiveCfg = Release|Any CPU
		{48E87F6E-6FDB-49D9-832D-71D5FB645BE1}.Debug|Any CPU.ActiveCfg = Debug|Any CPU
		{48E87F6E-6FDB-49D9-832D-71D5FB645BE1}.Debug|Any CPU.Build.0 = Debug|Any CPU
		{48E87F6E-6FDB-49D9-832D-71D5FB645BE1}.Debug|Mixed Platforms.ActiveCfg = Debug|Any CPU
		{48E87F6E-6FDB-49D9-832D-71D5FB645BE1}.Debug|Mixed Platforms.Build.0 = Debug|Any CPU
		{48E87F6E-6FDB-49D9-832D-71D5FB645BE1}.Debug|x86.ActiveCfg = Debug|Any CPU
		{48E87F6E-6FDB-49D9-832D-71D5FB645BE1}.Release|Any CPU.ActiveCfg = Release|Any CPU
		{48E87F6E-6FDB-49D9-832D-71D5FB645BE1}.Release|Any CPU.Build.0 = Release|Any CPU
		{48E87F6E-6FDB-49D9-832D-71D5FB645BE1}.Release|Mixed Platforms.ActiveCfg = Release|Any CPU
		{48E87F6E-6FDB-49D9-832D-71D5FB645BE1}.Release|Mixed Platforms.Build.0 = Release|Any CPU
		{48E87F6E-6FDB-49D9-832D-71D5FB645BE1}.Release|x86.ActiveCfg = Release|Any CPU
	EndGlobalSection
	GlobalSection(SolutionProperties) = preSolution
		HideSolutionNode = FALSE
	EndGlobalSection
	GlobalSection(NestedProjects) = preSolution
		{65E5D722-F0B6-46F9-86CB-EC6E38B4235D} = {C6F1CD33-C4EC-4351-806B-A47FE9A6D985}
		{44C68B96-F827-4E3D-8DEE-3B20820BE447} = {C6F1CD33-C4EC-4351-806B-A47FE9A6D985}
		{3AA39E9A-E61C-460A-9972-DECB7DB5BF8A} = {C6F1CD33-C4EC-4351-806B-A47FE9A6D985}
		{660F6024-6513-4BCA-8BD0-A49BBCB88400} = {C6F1CD33-C4EC-4351-806B-A47FE9A6D985}
		{87189B42-A6D8-4392-8438-F911B3E0A1FC} = {65E5D722-F0B6-46F9-86CB-EC6E38B4235D}
		{48E87F6E-6FDB-49D9-832D-71D5FB645BE1} = {65E5D722-F0B6-46F9-86CB-EC6E38B4235D}
		{64CFE134-0921-4BC1-9413-856DD62B9D75} = {44C68B96-F827-4E3D-8DEE-3B20820BE447}
		{C56BD829-E2E4-46B4-A912-B7735EC52D66} = {44C68B96-F827-4E3D-8DEE-3B20820BE447}
		{6EEAE366-4BB0-4A3A-A6EB-8D2BD0E0A5AE} = {3AA39E9A-E61C-460A-9972-DECB7DB5BF8A}
		{7102B304-AE65-46A6-BB9B-5330DA115088} = {93076BEB-6DF5-4684-836F-F453EA5F3B8B}
		{5813CC7B-9558-444C-9BEB-D19D49EAEB84} = {93076BEB-6DF5-4684-836F-F453EA5F3B8B}
		{4FA4F32C-E9C5-421D-BBCC-FFEF6BD18C10} = {93076BEB-6DF5-4684-836F-F453EA5F3B8B}
		{A38D2C2F-9443-4EFC-A209-2998EB0E0E6B} = {93076BEB-6DF5-4684-836F-F453EA5F3B8B}
		{F30C72A8-4B69-4100-9A41-81F968CC54BE} = {7102B304-AE65-46A6-BB9B-5330DA115088}
		{3006F261-12EC-442E-9846-5D2E870B6323} = {7102B304-AE65-46A6-BB9B-5330DA115088}
		{F7F4F4C6-13B5-4EAE-9CD7-40A86B534A32} = {7102B304-AE65-46A6-BB9B-5330DA115088}
		{63B3C5E6-90E4-45DB-ADEE-CC6C438BEE4E} = {7102B304-AE65-46A6-BB9B-5330DA115088}
		{91BD48AB-88D3-4A18-9E56-C037BEF37F44} = {7102B304-AE65-46A6-BB9B-5330DA115088}
		{B8CFBB1C-2C2C-4FB1-92EC-7DC32ABC0545} = {660F6024-6513-4BCA-8BD0-A49BBCB88400}
		{96040A2F-F59A-4DB0-9C63-A22E7E62E18B} = {5813CC7B-9558-444C-9BEB-D19D49EAEB84}
		{16FF4082-3A6F-48E9-90F8-5A6C22A96275} = {5813CC7B-9558-444C-9BEB-D19D49EAEB84}
		{B3BD1A13-706D-4F0E-88A6-AC0891AD8DAC} = {4FA4F32C-E9C5-421D-BBCC-FFEF6BD18C10}
		{B66A3829-FB9A-4678-BA47-406AB9073F31} = {A38D2C2F-9443-4EFC-A209-2998EB0E0E6B}
		{9EF96706-C291-4264-8B10-0B64381F768C} = {5BC4C813-287E-4863-8534-D4D08AC2DFFB}
		{1A07A225-D79B-4143-ADD6-F1D1C1BC339B} = {5BC4C813-287E-4863-8534-D4D08AC2DFFB}
		{83BD811F-50FB-45B2-A919-3E6F60DC362F} = {5BC4C813-287E-4863-8534-D4D08AC2DFFB}
		{AAACB07A-DF19-44CF-A96C-61BEE961C4E9} = {5BC4C813-287E-4863-8534-D4D08AC2DFFB}
		{E23993D6-0B8E-4ECD-B607-70CC06AE1B69} = {9EF96706-C291-4264-8B10-0B64381F768C}
		{E5D08AED-C578-4194-B115-6F2F4B1EC5AF} = {1A07A225-D79B-4143-ADD6-F1D1C1BC339B}
		{1091436C-716F-41B9-8A58-0F9D6C702DB7} = {83BD811F-50FB-45B2-A919-3E6F60DC362F}
		{D79A18DD-2E34-4B75-B2BA-2809D6FFB6C7} = {83BD811F-50FB-45B2-A919-3E6F60DC362F}
		{0CB7D120-44D7-442F-851F-25F35AAED227} = {AAACB07A-DF19-44CF-A96C-61BEE961C4E9}
		{3767D32B-43F7-49FC-8AF8-206252A02D45} = {A0F2658F-E68B-42BC-9BC4-98132BAF740B}
		{E3297AC2-9F99-4B87-AD76-FF42B25EDCF9} = {A0F2658F-E68B-42BC-9BC4-98132BAF740B}
		{60AA81D5-D2F3-478F-A77B-408DAC32F96C} = {A0F2658F-E68B-42BC-9BC4-98132BAF740B}
		{418D294D-054B-43B8-ABD5-7C72889349D4} = {3767D32B-43F7-49FC-8AF8-206252A02D45}
		{232017F5-01F6-4F8D-BC78-3AC2DA0BD6E1} = {E3297AC2-9F99-4B87-AD76-FF42B25EDCF9}
		{F2CC427E-A9A6-46D6-8E55-476ABA80F43A} = {60AA81D5-D2F3-478F-A77B-408DAC32F96C}
		{93795AB9-8E72-4461-833C-2FBF36F1BEFC} = {FA4E94C5-5885-494D-ACBB-156A141E101B}
		{68ADBE8F-2351-4694-8129-A6F490CB545C} = {FA4E94C5-5885-494D-ACBB-156A141E101B}
		{1DB611ED-C1FA-40CC-BD48-62CD6774B181} = {FA4E94C5-5885-494D-ACBB-156A141E101B}
		{A3AD9067-3AAC-4685-AB49-136F7E6B3897} = {93795AB9-8E72-4461-833C-2FBF36F1BEFC}
		{695D028C-1BFC-4401-B71A-C6E4BC24B5A2} = {68ADBE8F-2351-4694-8129-A6F490CB545C}
		{4F59844D-BBDB-4AD9-9D08-7C290F7891D7} = {68ADBE8F-2351-4694-8129-A6F490CB545C}
	EndGlobalSection
EndGlobal
